
Microsoft Visual Studio Solution File, Format Version 12.00
# Visual Studio 15
VisualStudioVersion = 15.0.27130.2010
MinimumVisualStudioVersion = 10.0.40219.1
Project("{FAE04EC0-301F-11D3-BF4B-00C04F79EFBC}") = "Credible_Dev_Test", "Credible_Dev_Test\Credible_Dev_Test.csproj", "{29002929-7D9E-4D23-9628-3887F42ADAAF}"
EndProject
Global
	GlobalSection(SolutionConfigurationPlatforms) = preSolution
		Debug|Any CPU = Debug|Any CPU
		Release|Any CPU = Release|Any CPU
	EndGlobalSection
	GlobalSection(ProjectConfigurationPlatforms) = postSolution
		{29002929-7D9E-4D23-9628-3887F42ADAAF}.Debug|Any CPU.ActiveCfg = Debug|Any CPU
		{29002929-7D9E-4D23-9628-3887F42ADAAF}.Debug|Any CPU.Build.0 = Debug|Any CPU
		{29002929-7D9E-4D23-9628-3887F42ADAAF}.Release|Any CPU.ActiveCfg = Release|Any CPU
		{29002929-7D9E-4D23-9628-3887F42ADAAF}.Release|Any CPU.Build.0 = Release|Any CPU
	EndGlobalSection
	GlobalSection(SolutionProperties) = preSolution
		HideSolutionNode = FALSE
	EndGlobalSection
	GlobalSection(ExtensibilityGlobals) = postSolution
		SolutionGuid = {3C5DA883-16A4-44B6-AE7C-6155005E2993}
	EndGlobalSection
EndGlobal
